<Solution>
  <Folder Name="/src/">
    <Project Path="src/Harmony.API/Harmony.API.csproj" />
    <Project Path="src/Harmony.Core/Harmony.Core.csproj" />
    <Project Path="src/Harmony.Infrastructure/Harmony.Infrastructure.csproj" />
  </Folder>
  <Folder Name="/tests/">
    <Project Path="tests/Harmony.IntegrationTests/Harmony.IntegrationTests.csproj" />
    <Project Path="tests/Harmony.UnitTests/Harmony.UnitTests.csproj" />
  </Folder>
</Solution>
